// !$*UTF8*$!
{
	archiveVersion = 1;
	classes = {
	};
	objectVersion = 56;
	objects = {

/* Begin PBXBuildFile section */
		0A05B28228A01A8F00A51909 /* LKCore.swift in Sources */ = {isa = PBXBuildFile; fileRef = 0A05B28128A01A8F00A51909 /* LKCore.swift */; };
		0A05B28428A01B5500A51909 /* LKCameraCore.swift in Sources */ = {isa = PBXBuildFile; fileRef = 0A05B28328A01B5500A51909 /* LKCameraCore.swift */; };
		0AD326CD28AD666300F2031D /* LKError.swift in Sources */ = {isa = PBXBuildFile; fileRef = 0AD326CC28AD666300F2031D /* LKError.swift */; };
		0AFBDE212896B18400A11DFA /* LightKitDevApp.swift in Sources */ = {isa = PBXBuildFile; fileRef = 0AFBDE202896B18400A11DFA /* LightKitDevApp.swift */; };
		0AFBDE232896B18400A11DFA /* ContentView.swift in Sources */ = {isa = PBXBuildFile; fileRef = 0AFBDE222896B18400A11DFA /* ContentView.swift */; };
		0AFBDE252896B18500A11DFA /* Assets.xcassets in Resources */ = {isa = PBXBuildFile; fileRef = 0AFBDE242896B18500A11DFA /* Assets.xcassets */; };
		0AFBDE282896B18500A11DFA /* Preview Assets.xcassets in Resources */ = {isa = PBXBuildFile; fileRef = 0AFBDE272896B18500A11DFA /* Preview Assets.xcassets */; };
		0AFBDE322896B18500A11DFA /* LightKitDevTests.swift in Sources */ = {isa = PBXBuildFile; fileRef = 0AFBDE312896B18500A11DFA /* LightKitDevTests.swift */; };
		0AFBDE3C2896B18500A11DFA /* LightKitDevUITests.swift in Sources */ = {isa = PBXBuildFile; fileRef = 0AFBDE3B2896B18500A11DFA /* LightKitDevUITests.swift */; };
		0AFBDE3E2896B18500A11DFA /* LightKitDevUITestsLaunchTests.swift in Sources */ = {isa = PBXBuildFile; fileRef = 0AFBDE3D2896B18500A11DFA /* LightKitDevUITestsLaunchTests.swift */; };
		0AFBDE4C2896B88F00A11DFA /* LightKitEngine.swift in Sources */ = {isa = PBXBuildFile; fileRef = 0AFBDE4B2896B88F00A11DFA /* LightKitEngine.swift */; };
/* End PBXBuildFile section */

/* Begin PBXContainerItemProxy section */
		0AFBDE2E2896B18500A11DFA /* PBXContainerItemProxy */ = {
			isa = PBXContainerItemProxy;
			containerPortal = 0AFBDE152896B18300A11DFA /* Project object */;
			proxyType = 1;
			remoteGlobalIDString = 0AFBDE1C2896B18400A11DFA;
			remoteInfo = LightKitDev;
		};
		0AFBDE382896B18500A11DFA /* PBXContainerItemProxy */ = {
			isa = PBXContainerItemProxy;
			containerPortal = 0AFBDE152896B18300A11DFA /* Project object */;
			proxyType = 1;
			remoteGlobalIDString = 0AFBDE1C2896B18400A11DFA;
			remoteInfo = LightKitDev;
		};
/* End PBXContainerItemProxy section */

/* Begin PBXFileReference section */
		0A05B28128A01A8F00A51909 /* LKCore.swift */ = {isa = PBXFileReference; lastKnownFileType = sourcecode.swift; path = LKCore.swift; sourceTree = "<group>"; };
		0A05B28328A01B5500A51909 /* LKCameraCore.swift */ = {isa = PBXFileReference; lastKnownFileType = sourcecode.swift; path = LKCameraCore.swift; sourceTree = "<group>"; };
		0A7F3DC828AFB1B100CDB01F /* Info.plist */ = {isa = PBXFileReference; lastKnownFileType = text.plist; path = Info.plist; sourceTree = "<group>"; };
		0AD326CC28AD666300F2031D /* LKError.swift */ = {isa = PBXFileReference; lastKnownFileType = sourcecode.swift; path = LKError.swift; sourceTree = "<group>"; };
		0AFBDE1D2896B18400A11DFA /* LightKitDev.app */ = {isa = PBXFileReference; explicitFileType = wrapper.application; includeInIndex = 0; path = LightKitDev.app; sourceTree = BUILT_PRODUCTS_DIR; };
		0AFBDE202896B18400A11DFA /* LightKitDevApp.swift */ = {isa = PBXFileReference; lastKnownFileType = sourcecode.swift; path = LightKitDevApp.swift; sourceTree = "<group>"; };
		0AFBDE222896B18400A11DFA /* ContentView.swift */ = {isa = PBXFileReference; lastKnownFileType = sourcecode.swift; path = ContentView.swift; sourceTree = "<group>"; };
		0AFBDE242896B18500A11DFA /* Assets.xcassets */ = {isa = PBXFileReference; lastKnownFileType = folder.assetcatalog; path = Assets.xcassets; sourceTree = "<group>"; };
		0AFBDE272896B18500A11DFA /* Preview Assets.xcassets */ = {isa = PBXFileReference; lastKnownFileType = folder.assetcatalog; path = "Preview Assets.xcassets"; sourceTree = "<group>"; };
		0AFBDE2D2896B18500A11DFA /* LightKitDevTests.xctest */ = {isa = PBXFileReference; explicitFileType = wrapper.cfbundle; includeInIndex = 0; path = LightKitDevTests.xctest; sourceTree = BUILT_PRODUCTS_DIR; };
		0AFBDE312896B18500A11DFA /* LightKitDevTests.swift */ = {isa = PBXFileReference; lastKnownFileType = sourcecode.swift; path = LightKitDevTests.swift; sourceTree = "<group>"; };
		0AFBDE372896B18500A11DFA /* LightKitDevUITests.xctest */ = {isa = PBXFileReference; explicitFileType = wrapper.cfbundle; includeInIndex = 0; path = LightKitDevUITests.xctest; sourceTree = BUILT_PRODUCTS_DIR; };
		0AFBDE3B2896B18500A11DFA /* LightKitDevUITests.swift */ = {isa = PBXFileReference; lastKnownFileType = sourcecode.swift; path = LightKitDevUITests.swift; sourceTree = "<group>"; };
		0AFBDE3D2896B18500A11DFA /* LightKitDevUITestsLaunchTests.swift */ = {isa = PBXFileReference; lastKnownFileType = sourcecode.swift; path = LightKitDevUITestsLaunchTests.swift; sourceTree = "<group>"; };
		0AFBDE4B2896B88F00A11DFA /* LightKitEngine.swift */ = {isa = PBXFileReference; lastKnownFileType = sourcecode.swift; path = LightKitEngine.swift; sourceTree = "<group>"; };
/* End PBXFileReference section */

/* Begin PBXFrameworksBuildPhase section */
		0AFBDE1A2896B18400A11DFA /* Frameworks */ = {
			isa = PBXFrameworksBuildPhase;
			buildActionMask = 2147483647;
			files = (
			);
			runOnlyForDeploymentPostprocessing = 0;
		};
		0AFBDE2A2896B18500A11DFA /* Frameworks */ = {
			isa = PBXFrameworksBuildPhase;
			buildActionMask = 2147483647;
			files = (
			);
			runOnlyForDeploymentPostprocessing = 0;
		};
		0AFBDE342896B18500A11DFA /* Frameworks */ = {
			isa = PBXFrameworksBuildPhase;
			buildActionMask = 2147483647;
			files = (
			);
			runOnlyForDeploymentPostprocessing = 0;
		};
/* End PBXFrameworksBuildPhase section */

/* Begin PBXGroup section */
		0AFBDE142896B18300A11DFA = {
			isa = PBXGroup;
			children = (
				0AFBDE1F2896B18400A11DFA /* LightKitDev */,
				0AFBDE302896B18500A11DFA /* LightKitDevTests */,
				0AFBDE3A2896B18500A11DFA /* LightKitDevUITests */,
				0AFBDE1E2896B18400A11DFA /* Products */,
			);
			sourceTree = "<group>";
		};
		0AFBDE1E2896B18400A11DFA /* Products */ = {
			isa = PBXGroup;
			children = (
				0AFBDE1D2896B18400A11DFA /* LightKitDev.app */,
				0AFBDE2D2896B18500A11DFA /* LightKitDevTests.xctest */,
				0AFBDE372896B18500A11DFA /* LightKitDevUITests.xctest */,
			);
			name = Products;
			sourceTree = "<group>";
		};
		0AFBDE1F2896B18400A11DFA /* LightKitDev */ = {
			isa = PBXGroup;
			children = (
				0A7F3DC828AFB1B100CDB01F /* Info.plist */,
				0AFBDE4A2896B85C00A11DFA /* Sources */,
				0AFBDE202896B18400A11DFA /* LightKitDevApp.swift */,
				0AFBDE222896B18400A11DFA /* ContentView.swift */,
				0AFBDE242896B18500A11DFA /* Assets.xcassets */,
				0AFBDE262896B18500A11DFA /* Preview Content */,
			);
			path = LightKitDev;
			sourceTree = "<group>";
		};
		0AFBDE262896B18500A11DFA /* Preview Content */ = {
			isa = PBXGroup;
			children = (
				0AFBDE272896B18500A11DFA /* Preview Assets.xcassets */,
			);
			path = "Preview Content";
			sourceTree = "<group>";
		};
		0AFBDE302896B18500A11DFA /* LightKitDevTests */ = {
			isa = PBXGroup;
			children = (
				0AFBDE312896B18500A11DFA /* LightKitDevTests.swift */,
			);
			path = LightKitDevTests;
			sourceTree = "<group>";
		};
		0AFBDE3A2896B18500A11DFA /* LightKitDevUITests */ = {
			isa = PBXGroup;
			children = (
				0AFBDE3B2896B18500A11DFA /* LightKitDevUITests.swift */,
				0AFBDE3D2896B18500A11DFA /* LightKitDevUITestsLaunchTests.swift */,
			);
			path = LightKitDevUITests;
			sourceTree = "<group>";
		};
		0AFBDE4A2896B85C00A11DFA /* Sources */ = {
			isa = PBXGroup;
			children = (
				0AFBDE4B2896B88F00A11DFA /* LightKitEngine.swift */,
				0A05B28128A01A8F00A51909 /* LKCore.swift */,
				0A05B28328A01B5500A51909 /* LKCameraCore.swift */,
				0AD326CC28AD666300F2031D /* LKError.swift */,
			);
			path = Sources;
			sourceTree = "<group>";
		};
/* End PBXGroup section */

/* Begin PBXNativeTarget section */
		0AFBDE1C2896B18400A11DFA /* LightKitDev */ = {
			isa = PBXNativeTarget;
			buildConfigurationList = 0AFBDE412896B18500A11DFA /* Build configuration list for PBXNativeTarget "LightKitDev" */;
			buildPhases = (
				0AFBDE192896B18400A11DFA /* Sources */,
				0AFBDE1A2896B18400A11DFA /* Frameworks */,
				0AFBDE1B2896B18400A11DFA /* Resources */,
			);
			buildRules = (
			);
			dependencies = (
			);
			name = LightKitDev;
			productName = LightKitDev;
			productReference = 0AFBDE1D2896B18400A11DFA /* LightKitDev.app */;
			productType = "com.apple.product-type.application";
		};
		0AFBDE2C2896B18500A11DFA /* LightKitDevTests */ = {
			isa = PBXNativeTarget;
			buildConfigurationList = 0AFBDE442896B18500A11DFA /* Build configuration list for PBXNativeTarget "LightKitDevTests" */;
			buildPhases = (
				0AFBDE292896B18500A11DFA /* Sources */,
				0AFBDE2A2896B18500A11DFA /* Frameworks */,
				0AFBDE2B2896B18500A11DFA /* Resources */,
			);
			buildRules = (
			);
			dependencies = (
				0AFBDE2F2896B18500A11DFA /* PBXTargetDependency */,
			);
			name = LightKitDevTests;
			productName = LightKitDevTests;
			productReference = 0AFBDE2D2896B18500A11DFA /* LightKitDevTests.xctest */;
			productType = "com.apple.product-type.bundle.unit-test";
		};
		0AFBDE362896B18500A11DFA /* LightKitDevUITests */ = {
			isa = PBXNativeTarget;
			buildConfigurationList = 0AFBDE472896B18500A11DFA /* Build configuration list for PBXNativeTarget "LightKitDevUITests" */;
			buildPhases = (
				0AFBDE332896B18500A11DFA /* Sources */,
				0AFBDE342896B18500A11DFA /* Frameworks */,
				0AFBDE352896B18500A11DFA /* Resources */,
			);
			buildRules = (
			);
			dependencies = (
				0AFBDE392896B18500A11DFA /* PBXTargetDependency */,
			);
			name = LightKitDevUITests;
			productName = LightKitDevUITests;
			productReference = 0AFBDE372896B18500A11DFA /* LightKitDevUITests.xctest */;
			productType = "com.apple.product-type.bundle.ui-testing";
		};
/* End PBXNativeTarget section */

/* Begin PBXProject section */
		0AFBDE152896B18300A11DFA /* Project object */ = {
			isa = PBXProject;
			attributes = {
				BuildIndependentTargetsInParallel = 1;
				LastSwiftUpdateCheck = 1400;
				LastUpgradeCheck = 1400;
				TargetAttributes = {
					0AFBDE1C2896B18400A11DFA = {
						CreatedOnToolsVersion = 14.0;
					};
					0AFBDE2C2896B18500A11DFA = {
						CreatedOnToolsVersion = 14.0;
						TestTargetID = 0AFBDE1C2896B18400A11DFA;
					};
					0AFBDE362896B18500A11DFA = {
						CreatedOnToolsVersion = 14.0;
						TestTargetID = 0AFBDE1C2896B18400A11DFA;
					};
				};
			};
			buildConfigurationList = 0AFBDE182896B18300A11DFA /* Build configuration list for PBXProject "LightKitDev" */;
			compatibilityVersion = "Xcode 14.0";
			developmentRegion = en;
			hasScannedForEncodings = 0;
			knownRegions = (
				en,
				Base,
			);
			mainGroup = 0AFBDE142896B18300A11DFA;
			productRefGroup = 0AFBDE1E2896B18400A11DFA /* Products */;
			projectDirPath = "";
			projectRoot = "";
			targets = (
				0AFBDE1C2896B18400A11DFA /* LightKitDev */,
				0AFBDE2C2896B18500A11DFA /* LightKitDevTests */,
				0AFBDE362896B18500A11DFA /* LightKitDevUITests */,
			);
		};
/* End PBXProject section */

/* Begin PBXResourcesBuildPhase section */
		0AFBDE1B2896B18400A11DFA /* Resources */ = {
			isa = PBXResourcesBuildPhase;
			buildActionMask = 2147483647;
			files = (
				0AFBDE282896B18500A11DFA /* Preview Assets.xcassets in Resources */,
				0AFBDE252896B18500A11DFA /* Assets.xcassets in Resources */,
			);
			runOnlyForDeploymentPostprocessing = 0;
		};
		0AFBDE2B2896B18500A11DFA /* Resources */ = {
			isa = PBXResourcesBuildPhase;
			buildActionMask = 2147483647;
			files = (
			);
			runOnlyForDeploymentPostprocessing = 0;
		};
		0AFBDE352896B18500A11DFA /* Resources */ = {
			isa = PBXResourcesBuildPhase;
			buildActionMask = 2147483647;
			files = (
			);
			runOnlyForDeploymentPostprocessing = 0;
		};
/* End PBXResourcesBuildPhase section */

/* Begin PBXSourcesBuildPhase section */
		0AFBDE192896B18400A11DFA /* Sources */ = {
			isa = PBXSourcesBuildPhase;
			buildActionMask = 2147483647;
			files = (
				0AFBDE232896B18400A11DFA /* ContentView.swift in Sources */,
				0AFBDE4C2896B88F00A11DFA /* LightKitEngine.swift in Sources */,
				0AFBDE212896B18400A11DFA /* LightKitDevApp.swift in Sources */,
				0A05B28428A01B5500A51909 /* LKCameraCore.swift in Sources */,
				0A05B28228A01A8F00A51909 /* LKCore.swift in Sources */,
				0AD326CD28AD666300F2031D /* LKError.swift in Sources */,
			);
			runOnlyForDeploymentPostprocessing = 0;
		};
		0AFBDE292896B18500A11DFA /* Sources */ = {
			isa = PBXSourcesBuildPhase;
			buildActionMask = 2147483647;
			files = (
				0AFBDE322896B18500A11DFA /* LightKitDevTests.swift in Sources */,
			);
			runOnlyForDeploymentPostprocessing = 0;
		};
		0AFBDE332896B18500A11DFA /* Sources */ = {
			isa = PBXSourcesBuildPhase;
			buildActionMask = 2147483647;
			files = (
				0AFBDE3E2896B18500A11DFA /* LightKitDevUITestsLaunchTests.swift in Sources */,
				0AFBDE3C2896B18500A11DFA /* LightKitDevUITests.swift in Sources */,
			);
			runOnlyForDeploymentPostprocessing = 0;
		};
/* End PBXSourcesBuildPhase section */

/* Begin PBXTargetDependency section */
		0AFBDE2F2896B18500A11DFA /* PBXTargetDependency */ = {
			isa = PBXTargetDependency;
			target = 0AFBDE1C2896B18400A11DFA /* LightKitDev */;
			targetProxy = 0AFBDE2E2896B18500A11DFA /* PBXContainerItemProxy */;
		};
		0AFBDE392896B18500A11DFA /* PBXTargetDependency */ = {
			isa = PBXTargetDependency;
			target = 0AFBDE1C2896B18400A11DFA /* LightKitDev */;
			targetProxy = 0AFBDE382896B18500A11DFA /* PBXContainerItemProxy */;
		};
/* End PBXTargetDependency section */

/* Begin XCBuildConfiguration section */
		0AFBDE3F2896B18500A11DFA /* Debug */ = {
			isa = XCBuildConfiguration;
			buildSettings = {
				ALWAYS_SEARCH_USER_PATHS = NO;
				CLANG_ANALYZER_NONNULL = YES;
				CLANG_ANALYZER_NUMBER_OBJECT_CONVERSION = YES_AGGRESSIVE;
				CLANG_CXX_LANGUAGE_STANDARD = "gnu++17";
				CLANG_ENABLE_MODULES = YES;
				CLANG_ENABLE_OBJC_ARC = YES;
				CLANG_ENABLE_OBJC_WEAK = YES;
				CLANG_WARN_BLOCK_CAPTURE_AUTORELEASING = YES;
				CLANG_WARN_BOOL_CONVERSION = YES;
				CLANG_WARN_COMMA = YES;
				CLANG_WARN_CONSTANT_CONVERSION = YES;
				CLANG_WARN_DEPRECATED_OBJC_IMPLEMENTATIONS = YES;
				CLANG_WARN_DIRECT_OBJC_ISA_USAGE = YES_ERROR;
				CLANG_WARN_DOCUMENTATION_COMMENTS = YES;
				CLANG_WARN_EMPTY_BODY = YES;
				CLANG_WARN_ENUM_CONVERSION = YES;
				CLANG_WARN_INFINITE_RECURSION = YES;
				CLANG_WARN_INT_CONVERSION = YES;
				CLANG_WARN_NON_LITERAL_NULL_CONVERSION = YES;
				CLANG_WARN_OBJC_IMPLICIT_RETAIN_SELF = YES;
				CLANG_WARN_OBJC_LITERAL_CONVERSION = YES;
				CLANG_WARN_OBJC_ROOT_CLASS = YES_ERROR;
				CLANG_WARN_QUOTED_INCLUDE_IN_FRAMEWORK_HEADER = YES;
				CLANG_WARN_RANGE_LOOP_ANALYSIS = YES;
				CLANG_WARN_STRICT_PROTOTYPES = YES;
				CLANG_WARN_SUSPICIOUS_MOVE = YES;
				CLANG_WARN_UNGUARDED_AVAILABILITY = YES_AGGRESSIVE;
				CLANG_WARN_UNREACHABLE_CODE = YES;
				CLANG_WARN__DUPLICATE_METHOD_MATCH = YES;
				COPY_PHASE_STRIP = NO;
				DEBUG_INFORMATION_FORMAT = dwarf;
				ENABLE_STRICT_OBJC_MSGSEND = YES;
				ENABLE_TESTABILITY = YES;
				GCC_C_LANGUAGE_STANDARD = gnu11;
				GCC_DYNAMIC_NO_PIC = NO;
				GCC_NO_COMMON_BLOCKS = YES;
				GCC_OPTIMIZATION_LEVEL = 0;
				GCC_PREPROCESSOR_DEFINITIONS = (
					"DEBUG=1",
					"$(inherited)",
				);
				GCC_WARN_64_TO_32_BIT_CONVERSION = YES;
				GCC_WARN_ABOUT_RETURN_TYPE = YES_ERROR;
				GCC_WARN_UNDECLARED_SELECTOR = YES;
				GCC_WARN_UNINITIALIZED_AUTOS = YES_AGGRESSIVE;
				GCC_WARN_UNUSED_FUNCTION = YES;
				GCC_WARN_UNUSED_VARIABLE = YES;
				IPHONEOS_DEPLOYMENT_TARGET = 16.0;
				MTL_ENABLE_DEBUG_INFO = INCLUDE_SOURCE;
				MTL_FAST_MATH = YES;
				ONLY_ACTIVE_ARCH = YES;
				SDKROOT = iphoneos;
				SWIFT_ACTIVE_COMPILATION_CONDITIONS = DEBUG;
				SWIFT_OPTIMIZATION_LEVEL = "-Onone";
			};
			name = Debug;
		};
		0AFBDE402896B18500A11DFA /* Release */ = {
			isa = XCBuildConfiguration;
			buildSettings = {
				ALWAYS_SEARCH_USER_PATHS = NO;
				CLANG_ANALYZER_NONNULL = YES;
				CLANG_ANALYZER_NUMBER_OBJECT_CONVERSION = YES_AGGRESSIVE;
				CLANG_CXX_LANGUAGE_STANDARD = "gnu++17";
				CLANG_ENABLE_MODULES = YES;
				CLANG_ENABLE_OBJC_ARC = YES;
				CLANG_ENABLE_OBJC_WEAK = YES;
				CLANG_WARN_BLOCK_CAPTURE_AUTORELEASING = YES;
				CLANG_WARN_BOOL_CONVERSION = YES;
				CLANG_WARN_COMMA = YES;
				CLANG_WARN_CONSTANT_CONVERSION = YES;
				CLANG_WARN_DEPRECATED_OBJC_IMPLEMENTATIONS = YES;
				CLANG_WARN_DIRECT_OBJC_ISA_USAGE = YES_ERROR;
				CLANG_WARN_DOCUMENTATION_COMMENTS = YES;
				CLANG_WARN_EMPTY_BODY = YES;
				CLANG_WARN_ENUM_CONVERSION = YES;
				CLANG_WARN_INFINITE_RECURSION = YES;
				CLANG_WARN_INT_CONVERSION = YES;
				CLANG_WARN_NON_LITERAL_NULL_CONVERSION = YES;
				CLANG_WARN_OBJC_IMPLICIT_RETAIN_SELF = YES;
				CLANG_WARN_OBJC_LITERAL_CONVERSION = YES;
				CLANG_WARN_OBJC_ROOT_CLASS = YES_ERROR;
				CLANG_WARN_QUOTED_INCLUDE_IN_FRAMEWORK_HEADER = YES;
				CLANG_WARN_RANGE_LOOP_ANALYSIS = YES;
				CLANG_WARN_STRICT_PROTOTYPES = YES;
				CLANG_WARN_SUSPICIOUS_MOVE = YES;
				CLANG_WARN_UNGUARDED_AVAILABILITY = YES_AGGRESSIVE;
				CLANG_WARN_UNREACHABLE_CODE = YES;
				CLANG_WARN__DUPLICATE_METHOD_MATCH = YES;
				COPY_PHASE_STRIP = NO;
				DEBUG_INFORMATION_FORMAT = "dwarf-with-dsym";
				ENABLE_NS_ASSERTIONS = NO;
				ENABLE_STRICT_OBJC_MSGSEND = YES;
				GCC_C_LANGUAGE_STANDARD = gnu11;
				GCC_NO_COMMON_BLOCKS = YES;
				GCC_WARN_64_TO_32_BIT_CONVERSION = YES;
				GCC_WARN_ABOUT_RETURN_TYPE = YES_ERROR;
				GCC_WARN_UNDECLARED_SELECTOR = YES;
				GCC_WARN_UNINITIALIZED_AUTOS = YES_AGGRESSIVE;
				GCC_WARN_UNUSED_FUNCTION = YES;
				GCC_WARN_UNUSED_VARIABLE = YES;
				IPHONEOS_DEPLOYMENT_TARGET = 16.0;
				MTL_ENABLE_DEBUG_INFO = NO;
				MTL_FAST_MATH = YES;
				SDKROOT = iphoneos;
				SWIFT_COMPILATION_MODE = wholemodule;
				SWIFT_OPTIMIZATION_LEVEL = "-O";
				VALIDATE_PRODUCT = YES;
			};
			name = Release;
		};
		0AFBDE422896B18500A11DFA /* Debug */ = {
			isa = XCBuildConfiguration;
			buildSettings = {
				ASSETCATALOG_COMPILER_APPICON_NAME = AppIcon;
				ASSETCATALOG_COMPILER_GLOBAL_ACCENT_COLOR_NAME = AccentColor;
				CODE_SIGN_STYLE = Automatic;
				CURRENT_PROJECT_VERSION = 1;
				DEVELOPMENT_ASSET_PATHS = "\"LightKitDev/Preview Content\"";
				DEVELOPMENT_TEAM = 7SFL7KYWRD;
				ENABLE_PREVIEWS = YES;
				GENERATE_INFOPLIST_FILE = YES;
				INFOPLIST_FILE = LightKitDev/Info.plist;
				INFOPLIST_KEY_UIApplicationSceneManifest_Generation = YES;
				INFOPLIST_KEY_UIApplicationSupportsIndirectInputEvents = YES;
				INFOPLIST_KEY_UILaunchScreen_Generation = YES;
				INFOPLIST_KEY_UISupportedInterfaceOrientations_iPad = UIInterfaceOrientationPortrait;
				INFOPLIST_KEY_UISupportedInterfaceOrientations_iPhone = UIInterfaceOrientationPortrait;
				LD_RUNPATH_SEARCH_PATHS = (
					"$(inherited)",
					"@executable_path/Frameworks",
				);
				MARKETING_VERSION = 1.0;
				PRODUCT_BUNDLE_IDENTIFIER = com.sukidhar.LightKitDev;
				PRODUCT_NAME = "$(TARGET_NAME)";
				SWIFT_EMIT_LOC_STRINGS = YES;
				SWIFT_VERSION = 5.0;
				TARGETED_DEVICE_FAMILY = "1,2";
			};
			name = Debug;
		};
		0AFBDE432896B18500A11DFA /* Release */ = {
			isa = XCBuildConfiguration;
			buildSettings = {
				ASSETCATALOG_COMPILER_APPICON_NAME = AppIcon;
				ASSETCATALOG_COMPILER_GLOBAL_ACCENT_COLOR_NAME = AccentColor;
				CODE_SIGN_STYLE = Automatic;
				CURRENT_PROJECT_VERSION = 1;
				DEVELOPMENT_ASSET_PATHS = "\"LightKitDev/Preview Content\"";
				DEVELOPMENT_TEAM = 7SFL7KYWRD;
				ENABLE_PREVIEWS = YES;
				GENERATE_INFOPLIST_FILE = YES;
				INFOPLIST_FILE = LightKitDev/Info.plist;
				INFOPLIST_KEY_UIApplicationSceneManifest_Generation = YES;
				INFOPLIST_KEY_UIApplicationSupportsIndirectInputEvents = YES;
				INFOPLIST_KEY_UILaunchScreen_Generation = YES;
				INFOPLIST_KEY_UISupportedInterfaceOrientations_iPad = UIInterfaceOrientationPortrait;
				INFOPLIST_KEY_UISupportedInterfaceOrientations_iPhone = UIInterfaceOrientationPortrait;
				LD_RUNPATH_SEARCH_PATHS = (
					"$(inherited)",
					"@executable_path/Frameworks",
				);
				MARKETING_VERSION = 1.0;
				PRODUCT_BUNDLE_IDENTIFIER = com.sukidhar.LightKitDev;
				PRODUCT_NAME = "$(TARGET_NAME)";
				SWIFT_EMIT_LOC_STRINGS = YES;
				SWIFT_VERSION = 5.0;
				TARGETED_DEVICE_FAMILY = "1,2";
			};
			name = Release;
		};
		0AFBDE452896B18500A11DFA /* Debug */ = {
			isa = XCBuildConfiguration;
			buildSettings = {
				ALWAYS_EMBED_SWIFT_STANDARD_LIBRARIES = YES;
				BUNDLE_LOADER = "$(TEST_HOST)";
				CODE_SIGN_STYLE = Automatic;
				CURRENT_PROJECT_VERSION = 1;
				DEVELOPMENT_TEAM = 7SFL7KYWRD;
				GENERATE_INFOPLIST_FILE = YES;
				IPHONEOS_DEPLOYMENT_TARGET = 16.0;
				MARKETING_VERSION = 1.0;
				PRODUCT_BUNDLE_IDENTIFIER = com.sukidhar.LightKitDevTests;
				PRODUCT_NAME = "$(TARGET_NAME)";
				SWIFT_EMIT_LOC_STRINGS = NO;
				SWIFT_VERSION = 5.0;
				TARGETED_DEVICE_FAMILY = "1,2";
				TEST_HOST = "$(BUILT_PRODUCTS_DIR)/LightKitDev.app/$(BUNDLE_EXECUTABLE_FOLDER_PATH)/LightKitDev";
			};
			name = Debug;
		};
		0AFBDE462896B18500A11DFA /* Release */ = {
			isa = XCBuildConfiguration;
			buildSettings = {
				ALWAYS_EMBED_SWIFT_STANDARD_LIBRARIES = YES;
				BUNDLE_LOADER = "$(TEST_HOST)";
				CODE_SIGN_STYLE = Automatic;
				CURRENT_PROJECT_VERSION = 1;
				DEVELOPMENT_TEAM = 7SFL7KYWRD;
				GENERATE_INFOPLIST_FILE = YES;
				IPHONEOS_DEPLOYMENT_TARGET = 16.0;
				MARKETING_VERSION = 1.0;
				PRODUCT_BUNDLE_IDENTIFIER = com.sukidhar.LightKitDevTests;
				PRODUCT_NAME = "$(TARGET_NAME)";
				SWIFT_EMIT_LOC_STRINGS = NO;
				SWIFT_VERSION = 5.0;
				TARGETED_DEVICE_FAMILY = "1,2";
				TEST_HOST = "$(BUILT_PRODUCTS_DIR)/LightKitDev.app/$(BUNDLE_EXECUTABLE_FOLDER_PATH)/LightKitDev";
			};
			name = Release;
		};
		0AFBDE482896B18500A11DFA /* Debug */ = {
			isa = XCBuildConfiguration;
			buildSettings = {
				ALWAYS_EMBED_SWIFT_STANDARD_LIBRARIES = YES;
				CODE_SIGN_STYLE = Automatic;
				CURRENT_PROJECT_VERSION = 1;
				DEVELOPMENT_TEAM = 7SFL7KYWRD;
				GENERATE_INFOPLIST_FILE = YES;
				MARKETING_VERSION = 1.0;
				PRODUCT_BUNDLE_IDENTIFIER = com.sukidhar.LightKitDevUITests;
				PRODUCT_NAME = "$(TARGET_NAME)";
				SWIFT_EMIT_LOC_STRINGS = NO;
				SWIFT_VERSION = 5.0;
				TARGETED_DEVICE_FAMILY = "1,2";
				TEST_TARGET_NAME = LightKitDev;
			};
			name = Debug;
		};
		0AFBDE492896B18500A11DFA /* Release */ = {
			isa = XCBuildConfiguration;
			buildSettings = {
				ALWAYS_EMBED_SWIFT_STANDARD_LIBRARIES = YES;
				CODE_SIGN_STYLE = Automatic;
				CURRENT_PROJECT_VERSION = 1;
				DEVELOPMENT_TEAM = 7SFL7KYWRD;
				GENERATE_INFOPLIST_FILE = YES;
				MARKETING_VERSION = 1.0;
				PRODUCT_BUNDLE_IDENTIFIER = com.sukidhar.LightKitDevUITests;
				PRODUCT_NAME = "$(TARGET_NAME)";
				SWIFT_EMIT_LOC_STRINGS = NO;
				SWIFT_VERSION = 5.0;
				TARGETED_DEVICE_FAMILY = "1,2";
				TEST_TARGET_NAME = LightKitDev;
			};
			name = Release;
		};
/* End XCBuildConfiguration section */

/* Begin XCConfigurationList section */
		0AFBDE182896B18300A11DFA /* Build configuration list for PBXProject "LightKitDev" */ = {
			isa = XCConfigurationList;
			buildConfigurations = (
				0AFBDE3F2896B18500A11DFA /* Debug */,
				0AFBDE402896B18500A11DFA /* Release */,
			);
			defaultConfigurationIsVisible = 0;
			defaultConfigurationName = Release;
		};
		0AFBDE412896B18500A11DFA /* Build configuration list for PBXNativeTarget "LightKitDev" */ = {
			isa = XCConfigurationList;
			buildConfigurations = (
				0AFBDE422896B18500A11DFA /* Debug */,
				0AFBDE432896B18500A11DFA /* Release */,
			);
			defaultConfigurationIsVisible = 0;
			defaultConfigurationName = Release;
		};
		0AFBDE442896B18500A11DFA /* Build configuration list for PBXNativeTarget "LightKitDevTests" */ = {
			isa = XCConfigurationList;
			buildConfigurations = (
				0AFBDE452896B18500A11DFA /* Debug */,
				0AFBDE462896B18500A11DFA /* Release */,
			);
			defaultConfigurationIsVisible = 0;
			defaultConfigurationName = Release;
		};
		0AFBDE472896B18500A11DFA /* Build configuration list for PBXNativeTarget "LightKitDevUITests" */ = {
			isa = XCConfigurationList;
			buildConfigurations = (
				0AFBDE482896B18500A11DFA /* Debug */,
				0AFBDE492896B18500A11DFA /* Release */,
			);
			defaultConfigurationIsVisible = 0;
			defaultConfigurationName = Release;
		};
/* End XCConfigurationList section */
	};
	rootObject = 0AFBDE152896B18300A11DFA /* Project object */;
}
